
Microsoft Visual Studio Solution File, Format Version 12.00
# Visual Studio Version 17
VisualStudioVersion = 17.5.002.0
MinimumVisualStudioVersion = 10.0.40219.1
Project("{9A19103F-16F7-4668-BE54-9A1E7A4F7556}") = "EpicGamesStarter", "EpicGamesStarter.csproj", "{24B44154-5B8F-47E7-B46C-B0FF64753FF7}"
EndProject
Global
	GlobalSection(SolutionConfigurationPlatforms) = preSolution
		Debug|Any CPU = Debug|Any CPU
		Release|Any CPU = Release|Any CPU
	EndGlobalSection
	GlobalSection(ProjectConfigurationPlatforms) = postSolution
		{24B44154-5B8F-47E7-B46C-B0FF64753FF7}.Debug|Any CPU.ActiveCfg = Debug|Any CPU
		{24B44154-5B8F-47E7-B46C-B0FF64753FF7}.Debug|Any CPU.Build.0 = Debug|Any CPU
		{24B44154-5B8F-47E7-B46C-B0FF64753FF7}.Release|Any CPU.ActiveCfg = Release|Any CPU
		{24B44154-5B8F-47E7-B46C-B0FF64753FF7}.Release|Any CPU.Build.0 = Release|Any CPU
	EndGlobalSection
	GlobalSection(SolutionProperties) = preSolution
		HideSolutionNode = FALSE
	EndGlobalSection
	GlobalSection(ExtensibilityGlobals) = postSolution
		SolutionGuid = {3C6243BF-AA47-4041-A1F6-0D73696FAD3D}
	EndGlobalSection
EndGlobal
